// !$*UTF8*$!
{
	archiveVersion = 1;
	classes = {
	};
	objectVersion = 50;
	objects = {

/* Begin PBXBuildFile section */
		438B49E024BDBA0E0057BF96 /* AppDelegate.swift in Sources */ = {isa = PBXBuildFile; fileRef = 438B49DF24BDBA0E0057BF96 /* AppDelegate.swift */; };
		438B49E224BDBA0E0057BF96 /* SceneDelegate.swift in Sources */ = {isa = PBXBuildFile; fileRef = 438B49E124BDBA0E0057BF96 /* SceneDelegate.swift */; };
		438B49E424BDBA0E0057BF96 /* ViewController.swift in Sources */ = {isa = PBXBuildFile; fileRef = 438B49E324BDBA0E0057BF96 /* ViewController.swift */; };
		438B49E724BDBA0E0057BF96 /* Main.storyboard in Resources */ = {isa = PBXBuildFile; fileRef = 438B49E524BDBA0E0057BF96 /* Main.storyboard */; };
		438B49E924BDBA0F0057BF96 /* Assets.xcassets in Resources */ = {isa = PBXBuildFile; fileRef = 438B49E824BDBA0F0057BF96 /* Assets.xcassets */; };
		438B49EC24BDBA0F0057BF96 /* LaunchScreen.storyboard in Resources */ = {isa = PBXBuildFile; fileRef = 438B49EA24BDBA0F0057BF96 /* LaunchScreen.storyboard */; };
		438B49F424BDC3310057BF96 /* AppointmentDate.swift in Sources */ = {isa = PBXBuildFile; fileRef = 438B49F324BDC3310057BF96 /* AppointmentDate.swift */; };
		438B49F624BDC3730057BF96 /* AppointmentDay.swift in Sources */ = {isa = PBXBuildFile; fileRef = 438B49F524BDC3730057BF96 /* AppointmentDay.swift */; };
		438B49F824BDC3800057BF96 /* AppointmentTime.swift in Sources */ = {isa = PBXBuildFile; fileRef = 438B49F724BDC3800057BF96 /* AppointmentTime.swift */; };
		438B49FC24BDC82A0057BF96 /* RESTFul.swift in Sources */ = {isa = PBXBuildFile; fileRef = 438B49FB24BDC82A0057BF96 /* RESTFul.swift */; };
/* End PBXBuildFile section */

/* Begin PBXFileReference section */
		438B49DC24BDBA0E0057BF96 /* CustomDatePicker.app */ = {isa = PBXFileReference; explicitFileType = wrapper.application; includeInIndex = 0; path = CustomDatePicker.app; sourceTree = BUILT_PRODUCTS_DIR; };
		438B49DF24BDBA0E0057BF96 /* AppDelegate.swift */ = {isa = PBXFileReference; lastKnownFileType = sourcecode.swift; path = AppDelegate.swift; sourceTree = "<group>"; };
		438B49E124BDBA0E0057BF96 /* SceneDelegate.swift */ = {isa = PBXFileReference; lastKnownFileType = sourcecode.swift; path = SceneDelegate.swift; sourceTree = "<group>"; };
		438B49E324BDBA0E0057BF96 /* ViewController.swift */ = {isa = PBXFileReference; lastKnownFileType = sourcecode.swift; path = ViewController.swift; sourceTree = "<group>"; };
		438B49E624BDBA0E0057BF96 /* Base */ = {isa = PBXFileReference; lastKnownFileType = file.storyboard; name = Base; path = Base.lproj/Main.storyboard; sourceTree = "<group>"; };
		438B49E824BDBA0F0057BF96 /* Assets.xcassets */ = {isa = PBXFileReference; lastKnownFileType = folder.assetcatalog; path = Assets.xcassets; sourceTree = "<group>"; };
		438B49EB24BDBA0F0057BF96 /* Base */ = {isa = PBXFileReference; lastKnownFileType = file.storyboard; name = Base; path = Base.lproj/LaunchScreen.storyboard; sourceTree = "<group>"; };
		438B49ED24BDBA0F0057BF96 /* Info.plist */ = {isa = PBXFileReference; lastKnownFileType = text.plist.xml; path = Info.plist; sourceTree = "<group>"; };
		438B49F324BDC3310057BF96 /* AppointmentDate.swift */ = {isa = PBXFileReference; lastKnownFileType = sourcecode.swift; path = AppointmentDate.swift; sourceTree = "<group>"; };
		438B49F524BDC3730057BF96 /* AppointmentDay.swift */ = {isa = PBXFileReference; lastKnownFileType = sourcecode.swift; path = AppointmentDay.swift; sourceTree = "<group>"; };
		438B49F724BDC3800057BF96 /* AppointmentTime.swift */ = {isa = PBXFileReference; lastKnownFileType = sourcecode.swift; path = AppointmentTime.swift; sourceTree = "<group>"; };
		438B49FB24BDC82A0057BF96 /* RESTFul.swift */ = {isa = PBXFileReference; lastKnownFileType = sourcecode.swift; path = RESTFul.swift; sourceTree = "<group>"; };
/* End PBXFileReference section */

/* Begin PBXFrameworksBuildPhase section */
		438B49D924BDBA0E0057BF96 /* Frameworks */ = {
			isa = PBXFrameworksBuildPhase;
			buildActionMask = 2147483647;
			files = (
			);
			runOnlyForDeploymentPostprocessing = 0;
		};
/* End PBXFrameworksBuildPhase section */

/* Begin PBXGroup section */
		438B49D324BDBA0E0057BF96 = {
			isa = PBXGroup;
			children = (
				438B49FD24BE9EFE0057BF96 /* Model */,
				438B49F924BDC80D0057BF96 /* Utils */,
				438B49DE24BDBA0E0057BF96 /* CustomDatePicker */,
				438B49DD24BDBA0E0057BF96 /* Products */,
			);
			sourceTree = "<group>";
		};
		438B49DD24BDBA0E0057BF96 /* Products */ = {
			isa = PBXGroup;
			children = (
				438B49DC24BDBA0E0057BF96 /* CustomDatePicker.app */,
			);
			name = Products;
			sourceTree = "<group>";
		};
		438B49DE24BDBA0E0057BF96 /* CustomDatePicker */ = {
			isa = PBXGroup;
			children = (
				438B49DF24BDBA0E0057BF96 /* AppDelegate.swift */,
				438B49E124BDBA0E0057BF96 /* SceneDelegate.swift */,
				438B49E324BDBA0E0057BF96 /* ViewController.swift */,
				438B49E524BDBA0E0057BF96 /* Main.storyboard */,
				438B49E824BDBA0F0057BF96 /* Assets.xcassets */,
				438B49EA24BDBA0F0057BF96 /* LaunchScreen.storyboard */,
				438B49ED24BDBA0F0057BF96 /* Info.plist */,
			);
			path = CustomDatePicker;
			sourceTree = "<group>";
		};
		438B49F924BDC80D0057BF96 /* Utils */ = {
			isa = PBXGroup;
			children = (
				438B49FA24BDC8170057BF96 /* Networking */,
			);
			path = Utils;
			sourceTree = "<group>";
		};
		438B49FA24BDC8170057BF96 /* Networking */ = {
			isa = PBXGroup;
			children = (
				438B49FB24BDC82A0057BF96 /* RESTFul.swift */,
			);
			path = Networking;
			sourceTree = "<group>";
		};
		438B49FD24BE9EFE0057BF96 /* Model */ = {
			isa = PBXGroup;
			children = (
				438B49F324BDC3310057BF96 /* AppointmentDate.swift */,
				438B49F524BDC3730057BF96 /* AppointmentDay.swift */,
				438B49F724BDC3800057BF96 /* AppointmentTime.swift */,
			);
			path = Model;
			sourceTree = "<group>";
		};
/* End PBXGroup section */

/* Begin PBXNativeTarget section */
		438B49DB24BDBA0E0057BF96 /* CustomDatePicker */ = {
			isa = PBXNativeTarget;
			buildConfigurationList = 438B49F024BDBA0F0057BF96 /* Build configuration list for PBXNativeTarget "CustomDatePicker" */;
			buildPhases = (
				438B49D824BDBA0E0057BF96 /* Sources */,
				438B49D924BDBA0E0057BF96 /* Frameworks */,
				438B49DA24BDBA0E0057BF96 /* Resources */,
			);
			buildRules = (
			);
			dependencies = (
			);
			name = CustomDatePicker;
			productName = CustomDatePicker;
			productReference = 438B49DC24BDBA0E0057BF96 /* CustomDatePicker.app */;
			productType = "com.apple.product-type.application";
		};
/* End PBXNativeTarget section */

/* Begin PBXProject section */
		438B49D424BDBA0E0057BF96 /* Project object */ = {
			isa = PBXProject;
			attributes = {
				LastSwiftUpdateCheck = 1200;
				LastUpgradeCheck = 1200;
				TargetAttributes = {
					438B49DB24BDBA0E0057BF96 = {
						CreatedOnToolsVersion = 12.0;
					};
				};
			};
			buildConfigurationList = 438B49D724BDBA0E0057BF96 /* Build configuration list for PBXProject "CustomDatePicker" */;
			compatibilityVersion = "Xcode 9.3";
			developmentRegion = en;
			hasScannedForEncodings = 0;
			knownRegions = (
				en,
				Base,
			);
			mainGroup = 438B49D324BDBA0E0057BF96;
			productRefGroup = 438B49DD24BDBA0E0057BF96 /* Products */;
			projectDirPath = "";
			projectRoot = "";
			targets = (
				438B49DB24BDBA0E0057BF96 /* CustomDatePicker */,
			);
		};
/* End PBXProject section */

/* Begin PBXResourcesBuildPhase section */
		438B49DA24BDBA0E0057BF96 /* Resources */ = {
			isa = PBXResourcesBuildPhase;
			buildActionMask = 2147483647;
			files = (
				438B49EC24BDBA0F0057BF96 /* LaunchScreen.storyboard in Resources */,
				438B49E924BDBA0F0057BF96 /* Assets.xcassets in Resources */,
				438B49E724BDBA0E0057BF96 /* Main.storyboard in Resources */,
			);
			runOnlyForDeploymentPostprocessing = 0;
		};
/* End PBXResourcesBuildPhase section */

/* Begin PBXSourcesBuildPhase section */
		438B49D824BDBA0E0057BF96 /* Sources */ = {
			isa = PBXSourcesBuildPhase;
			buildActionMask = 2147483647;
			files = (
				438B49F624BDC3730057BF96 /* AppointmentDay.swift in Sources */,
				438B49E424BDBA0E0057BF96 /* ViewController.swift in Sources */,
				438B49E024BDBA0E0057BF96 /* AppDelegate.swift in Sources */,
				438B49F424BDC3310057BF96 /* AppointmentDate.swift in Sources */,
				438B49FC24BDC82A0057BF96 /* RESTFul.swift in Sources */,
				438B49E224BDBA0E0057BF96 /* SceneDelegate.swift in Sources */,
				438B49F824BDC3800057BF96 /* AppointmentTime.swift in Sources */,
			);
			runOnlyForDeploymentPostprocessing = 0;
		};
/* End PBXSourcesBuildPhase section */

/* Begin PBXVariantGroup section */
		438B49E524BDBA0E0057BF96 /* Main.storyboard */ = {
			isa = PBXVariantGroup;
			children = (
				438B49E624BDBA0E0057BF96 /* Base */,
			);
			name = Main.storyboard;
			sourceTree = "<group>";
		};
		438B49EA24BDBA0F0057BF96 /* LaunchScreen.storyboard */ = {
			isa = PBXVariantGroup;
			children = (
				438B49EB24BDBA0F0057BF96 /* Base */,
			);
			name = LaunchScreen.storyboard;
			sourceTree = "<group>";
		};
/* End PBXVariantGroup section */

/* Begin XCBuildConfiguration section */
		438B49EE24BDBA0F0057BF96 /* Debug */ = {
			isa = XCBuildConfiguration;
			buildSettings = {
				ALWAYS_SEARCH_USER_PATHS = NO;
				CLANG_ANALYZER_NONNULL = YES;
				CLANG_ANALYZER_NUMBER_OBJECT_CONVERSION = YES_AGGRESSIVE;
				CLANG_CXX_LANGUAGE_STANDARD = "gnu++14";
				CLANG_CXX_LIBRARY = "libc++";
				CLANG_ENABLE_MODULES = YES;
				CLANG_ENABLE_OBJC_ARC = YES;
				CLANG_ENABLE_OBJC_WEAK = YES;
				CLANG_WARN_BLOCK_CAPTURE_AUTORELEASING = YES;
				CLANG_WARN_BOOL_CONVERSION = YES;
				CLANG_WARN_COMMA = YES;
				CLANG_WARN_CONSTANT_CONVERSION = YES;
				CLANG_WARN_DEPRECATED_OBJC_IMPLEMENTATIONS = YES;
				CLANG_WARN_DIRECT_OBJC_ISA_USAGE = YES_ERROR;
				CLANG_WARN_DOCUMENTATION_COMMENTS = YES;
				CLANG_WARN_EMPTY_BODY = YES;
				CLANG_WARN_ENUM_CONVERSION = YES;
				CLANG_WARN_INFINITE_RECURSION = YES;
				CLANG_WARN_INT_CONVERSION = YES;
				CLANG_WARN_NON_LITERAL_NULL_CONVERSION = YES;
				CLANG_WARN_OBJC_IMPLICIT_RETAIN_SELF = YES;
				CLANG_WARN_OBJC_LITERAL_CONVERSION = YES;
				CLANG_WARN_OBJC_ROOT_CLASS = YES_ERROR;
				CLANG_WARN_QUOTED_INCLUDE_IN_FRAMEWORK_HEADER = YES;
				CLANG_WARN_RANGE_LOOP_ANALYSIS = YES;
				CLANG_WARN_STRICT_PROTOTYPES = YES;
				CLANG_WARN_SUSPICIOUS_MOVE = YES;
				CLANG_WARN_UNGUARDED_AVAILABILITY = YES_AGGRESSIVE;
				CLANG_WARN_UNREACHABLE_CODE = YES;
				CLANG_WARN__DUPLICATE_METHOD_MATCH = YES;
				COPY_PHASE_STRIP = NO;
				DEBUG_INFORMATION_FORMAT = dwarf;
				ENABLE_STRICT_OBJC_MSGSEND = YES;
				ENABLE_TESTABILITY = YES;
				GCC_C_LANGUAGE_STANDARD = gnu11;
				GCC_DYNAMIC_NO_PIC = NO;
				GCC_NO_COMMON_BLOCKS = YES;
				GCC_OPTIMIZATION_LEVEL = 0;
				GCC_PREPROCESSOR_DEFINITIONS = (
					"DEBUG=1",
					"$(inherited)",
				);
				GCC_WARN_64_TO_32_BIT_CONVERSION = YES;
				GCC_WARN_ABOUT_RETURN_TYPE = YES_ERROR;
				GCC_WARN_UNDECLARED_SELECTOR = YES;
				GCC_WARN_UNINITIALIZED_AUTOS = YES_AGGRESSIVE;
				GCC_WARN_UNUSED_FUNCTION = YES;
				GCC_WARN_UNUSED_VARIABLE = YES;
				IPHONEOS_DEPLOYMENT_TARGET = 14.0;
				MTL_ENABLE_DEBUG_INFO = INCLUDE_SOURCE;
				MTL_FAST_MATH = YES;
				ONLY_ACTIVE_ARCH = YES;
				SDKROOT = iphoneos;
				SWIFT_ACTIVE_COMPILATION_CONDITIONS = DEBUG;
				SWIFT_OPTIMIZATION_LEVEL = "-Onone";
			};
			name = Debug;
		};
		438B49EF24BDBA0F0057BF96 /* Release */ = {
			isa = XCBuildConfiguration;
			buildSettings = {
				ALWAYS_SEARCH_USER_PATHS = NO;
				CLANG_ANALYZER_NONNULL = YES;
				CLANG_ANALYZER_NUMBER_OBJECT_CONVERSION = YES_AGGRESSIVE;
				CLANG_CXX_LANGUAGE_STANDARD = "gnu++14";
				CLANG_CXX_LIBRARY = "libc++";
				CLANG_ENABLE_MODULES = YES;
				CLANG_ENABLE_OBJC_ARC = YES;
				CLANG_ENABLE_OBJC_WEAK = YES;
				CLANG_WARN_BLOCK_CAPTURE_AUTORELEASING = YES;
				CLANG_WARN_BOOL_CONVERSION = YES;
				CLANG_WARN_COMMA = YES;
				CLANG_WARN_CONSTANT_CONVERSION = YES;
				CLANG_WARN_DEPRECATED_OBJC_IMPLEMENTATIONS = YES;
				CLANG_WARN_DIRECT_OBJC_ISA_USAGE = YES_ERROR;
				CLANG_WARN_DOCUMENTATION_COMMENTS = YES;
				CLANG_WARN_EMPTY_BODY = YES;
				CLANG_WARN_ENUM_CONVERSION = YES;
				CLANG_WARN_INFINITE_RECURSION = YES;
				CLANG_WARN_INT_CONVERSION = YES;
				CLANG_WARN_NON_LITERAL_NULL_CONVERSION = YES;
				CLANG_WARN_OBJC_IMPLICIT_RETAIN_SELF = YES;
				CLANG_WARN_OBJC_LITERAL_CONVERSION = YES;
				CLANG_WARN_OBJC_ROOT_CLASS = YES_ERROR;
				CLANG_WARN_QUOTED_INCLUDE_IN_FRAMEWORK_HEADER = YES;
				CLANG_WARN_RANGE_LOOP_ANALYSIS = YES;
				CLANG_WARN_STRICT_PROTOTYPES = YES;
				CLANG_WARN_SUSPICIOUS_MOVE = YES;
				CLANG_WARN_UNGUARDED_AVAILABILITY = YES_AGGRESSIVE;
				CLANG_WARN_UNREACHABLE_CODE = YES;
				CLANG_WARN__DUPLICATE_METHOD_MATCH = YES;
				COPY_PHASE_STRIP = NO;
				DEBUG_INFORMATION_FORMAT = "dwarf-with-dsym";
				ENABLE_NS_ASSERTIONS = NO;
				ENABLE_STRICT_OBJC_MSGSEND = YES;
				GCC_C_LANGUAGE_STANDARD = gnu11;
				GCC_NO_COMMON_BLOCKS = YES;
				GCC_WARN_64_TO_32_BIT_CONVERSION = YES;
				GCC_WARN_ABOUT_RETURN_TYPE = YES_ERROR;
				GCC_WARN_UNDECLARED_SELECTOR = YES;
				GCC_WARN_UNINITIALIZED_AUTOS = YES_AGGRESSIVE;
				GCC_WARN_UNUSED_FUNCTION = YES;
				GCC_WARN_UNUSED_VARIABLE = YES;
				IPHONEOS_DEPLOYMENT_TARGET = 14.0;
				MTL_ENABLE_DEBUG_INFO = NO;
				MTL_FAST_MATH = YES;
				SDKROOT = iphoneos;
				SWIFT_COMPILATION_MODE = wholemodule;
				SWIFT_OPTIMIZATION_LEVEL = "-O";
				VALIDATE_PRODUCT = YES;
			};
			name = Release;
		};
		438B49F124BDBA0F0057BF96 /* Debug */ = {
			isa = XCBuildConfiguration;
			buildSettings = {
				ASSETCATALOG_COMPILER_APPICON_NAME = AppIcon;
				ASSETCATALOG_COMPILER_GLOBAL_ACCENT_COLOR_NAME = AccentColor;
				CODE_SIGN_STYLE = Automatic;
				DEVELOPMENT_TEAM = 727Q9XPG67;
				INFOPLIST_FILE = CustomDatePicker/Info.plist;
				IPHONEOS_DEPLOYMENT_TARGET = 13.0;
				LD_RUNPATH_SEARCH_PATHS = (
					"$(inherited)",
					"@executable_path/Frameworks",
				);
				PRODUCT_BUNDLE_IDENTIFIER = dev.dovgopol.CustomDatePicker;
				PRODUCT_NAME = "$(TARGET_NAME)";
				SWIFT_VERSION = 5.0;
				TARGETED_DEVICE_FAMILY = 1;
			};
			name = Debug;
		};
		438B49F224BDBA0F0057BF96 /* Release */ = {
			isa = XCBuildConfiguration;
			buildSettings = {
				ASSETCATALOG_COMPILER_APPICON_NAME = AppIcon;
				ASSETCATALOG_COMPILER_GLOBAL_ACCENT_COLOR_NAME = AccentColor;
				CODE_SIGN_STYLE = Automatic;
				DEVELOPMENT_TEAM = 727Q9XPG67;
				INFOPLIST_FILE = CustomDatePicker/Info.plist;
				IPHONEOS_DEPLOYMENT_TARGET = 13.0;
				LD_RUNPATH_SEARCH_PATHS = (
					"$(inherited)",
					"@executable_path/Frameworks",
				);
				PRODUCT_BUNDLE_IDENTIFIER = dev.dovgopol.CustomDatePicker;
				PRODUCT_NAME = "$(TARGET_NAME)";
				SWIFT_VERSION = 5.0;
				TARGETED_DEVICE_FAMILY = 1;
			};
			name = Release;
		};
/* End XCBuildConfiguration section */

/* Begin XCConfigurationList section */
		438B49D724BDBA0E0057BF96 /* Build configuration list for PBXProject "CustomDatePicker" */ = {
			isa = XCConfigurationList;
			buildConfigurations = (
				438B49EE24BDBA0F0057BF96 /* Debug */,
				438B49EF24BDBA0F0057BF96 /* Release */,
			);
			defaultConfigurationIsVisible = 0;
			defaultConfigurationName = Release;
		};
		438B49F024BDBA0F0057BF96 /* Build configuration list for PBXNativeTarget "CustomDatePicker" */ = {
			isa = XCConfigurationList;
			buildConfigurations = (
				438B49F124BDBA0F0057BF96 /* Debug */,
				438B49F224BDBA0F0057BF96 /* Release */,
			);
			defaultConfigurationIsVisible = 0;
			defaultConfigurationName = Release;
		};
/* End XCConfigurationList section */
	};
	rootObject = 438B49D424BDBA0E0057BF96 /* Project object */;
}
